Microsoft Visual Studio Solution File, Format Version 11.00
# Visual Studio 2008

Project("{366DDA3E-8CD3-80AB-BAE1-061AC383BF18}") = "Cameras-project", "Assembly-CSharp-firstpass.csproj", "{F117551F-5B26-F68E-C752-DF55721C8087}"
EndProject
Project("{366DDA3E-8CD3-80AB-BAE1-061AC383BF18}") = "Cameras-project", "Assembly-CSharp.csproj", "{DCCD0084-7626-A5A3-BB5C-66504F4FAF4F}"
EndProject
Project("{366DDA3E-8CD3-80AB-BAE1-061AC383BF18}") = "Cameras-project", "Assembly-CSharp-Editor.csproj", "{445B061D-79EB-05F0-F0F8-3ACB2D72DE6F}"
EndProject
Global
	GlobalSection(SolutionConfigurationPlatforms) = preSolution
		Debug|Any CPU = Debug|Any CPU
		Release|Any CPU = Release|Any CPU
	EndGlobalSection
	GlobalSection(ProjectConfigurationPlatforms) = postSolution
		{F117551F-5B26-F68E-C752-DF55721C8087}.Debug|Any CPU.ActiveCfg = Debug|Any CPU
		{F117551F-5B26-F68E-C752-DF55721C8087}.Debug|Any CPU.Build.0 = Debug|Any CPU
		{F117551F-5B26-F68E-C752-DF55721C8087}.Release|Any CPU.ActiveCfg = Release|Any CPU
		{F117551F-5B26-F68E-C752-DF55721C8087}.Release|Any CPU.Build.0 = Release|Any CPU
		{DCCD0084-7626-A5A3-BB5C-66504F4FAF4F}.Debug|Any CPU.ActiveCfg = Debug|Any CPU
		{DCCD0084-7626-A5A3-BB5C-66504F4FAF4F}.Debug|Any CPU.Build.0 = Debug|Any CPU
		{DCCD0084-7626-A5A3-BB5C-66504F4FAF4F}.Release|Any CPU.ActiveCfg = Release|Any CPU
		{DCCD0084-7626-A5A3-BB5C-66504F4FAF4F}.Release|Any CPU.Build.0 = Release|Any CPU
		{445B061D-79EB-05F0-F0F8-3ACB2D72DE6F}.Debug|Any CPU.ActiveCfg = Debug|Any CPU
		{445B061D-79EB-05F0-F0F8-3ACB2D72DE6F}.Debug|Any CPU.Build.0 = Debug|Any CPU
		{445B061D-79EB-05F0-F0F8-3ACB2D72DE6F}.Release|Any CPU.ActiveCfg = Release|Any CPU
		{445B061D-79EB-05F0-F0F8-3ACB2D72DE6F}.Release|Any CPU.Build.0 = Release|Any CPU
	EndGlobalSection
	GlobalSection(SolutionProperties) = preSolution
		HideSolutionNode = FALSE
	EndGlobalSection
																																																																																																																																						GlobalSection(MonoDevelopProperties) = preSolution
		StartupItem = Assembly-CSharp.csproj
		Policies = $0
		$0.TextStylePolicy = $1
		$1.inheritsSet = null
		$1.scope = text/x-csharp
		$0.CSharpFormattingPolicy = $2
		$2.inheritsSet = Mono
		$2.inheritsScope = text/x-csharp
		$2.scope = text/x-csharp
		$0.TextStylePolicy = $3
		$3.FileWidth = 120
		$3.TabWidth = 4
		$3.IndentWidth = 4
		$3.EolMarker = Unix
		$3.inheritsSet = Mono
		$3.inheritsScope = text/plain
		$3.scope = text/plain
	EndGlobalSection

EndGlobal
